
Microsoft Visual Studio Solution File, Format Version 12.00
# Visual Studio Version 17
VisualStudioVersion = 17.8.34330.188
MinimumVisualStudioVersion = 10.0.40219.1
Project("{2150E333-8FDC-42A3-9474-1A3956D46DE8}") = "1.GettingStarted", "1.GettingStarted", "{A4043E2A-FA83-49B2-B9D0-4D3A6B23D54C}"
EndProject
Project("{9A19103F-16F7-4668-BE54-9A1E7A4F7556}") = "Movies.Api", "Movies.Api\Movies.Api.csproj", "{0DD98BB9-D4E0-46BB-AC71-0F7B87652562}"
EndProject
Project("{9A19103F-16F7-4668-BE54-9A1E7A4F7556}") = "Movies.Application", "Movies.Application\Movies.Application.csproj", "{DB5A40D4-47A8-49A6-A809-2DA752B275F1}"
EndProject
Project("{9A19103F-16F7-4668-BE54-9A1E7A4F7556}") = "Movies.Contract", "Movies.Contract\Movies.Contract.csproj", "{B20810C4-FAA5-4B2D-AF96-499C75AD4AC3}"
EndProject
Project("{2150E333-8FDC-42A3-9474-1A3956D46DE8}") = "2.BeyondTheBasics", "2.BeyondTheBasics", "{D887EEF4-4050-4FF3-8A18-473272D7D39A}"
EndProject
Project("{FAE04EC0-301F-11D3-BF4B-00C04F79EFBC}") = "Movies.Api", "2.BeyondTheBasics\Movies.Api\Movies.Api.csproj", "{3B77CB04-4268-468A-99B8-8C1AEFEC5EA1}"
EndProject
Project("{FAE04EC0-301F-11D3-BF4B-00C04F79EFBC}") = "Movies.Application", "2.BeyondTheBasics\Movies.Application\Movies.Application.csproj", "{796380AE-59E0-465F-BD0C-3A57A736B573}"
EndProject
Project("{FAE04EC0-301F-11D3-BF4B-00C04F79EFBC}") = "Movies.Contract", "2.BeyondTheBasics\Movies.Contract\Movies.Contract.csproj", "{E65A5F63-8C1F-4F13-A86E-09383A5F0873}"
EndProject
Global
	GlobalSection(SolutionConfigurationPlatforms) = preSolution
		Debug|Any CPU = Debug|Any CPU
		Release|Any CPU = Release|Any CPU
	EndGlobalSection
	GlobalSection(ProjectConfigurationPlatforms) = postSolution
		{0DD98BB9-D4E0-46BB-AC71-0F7B87652562}.Debug|Any CPU.ActiveCfg = Debug|Any CPU
		{0DD98BB9-D4E0-46BB-AC71-0F7B87652562}.Debug|Any CPU.Build.0 = Debug|Any CPU
		{0DD98BB9-D4E0-46BB-AC71-0F7B87652562}.Release|Any CPU.ActiveCfg = Release|Any CPU
		{0DD98BB9-D4E0-46BB-AC71-0F7B87652562}.Release|Any CPU.Build.0 = Release|Any CPU
		{DB5A40D4-47A8-49A6-A809-2DA752B275F1}.Debug|Any CPU.ActiveCfg = Debug|Any CPU
		{DB5A40D4-47A8-49A6-A809-2DA752B275F1}.Debug|Any CPU.Build.0 = Debug|Any CPU
		{DB5A40D4-47A8-49A6-A809-2DA752B275F1}.Release|Any CPU.ActiveCfg = Release|Any CPU
		{DB5A40D4-47A8-49A6-A809-2DA752B275F1}.Release|Any CPU.Build.0 = Release|Any CPU
		{B20810C4-FAA5-4B2D-AF96-499C75AD4AC3}.Debug|Any CPU.ActiveCfg = Debug|Any CPU
		{B20810C4-FAA5-4B2D-AF96-499C75AD4AC3}.Debug|Any CPU.Build.0 = Debug|Any CPU
		{B20810C4-FAA5-4B2D-AF96-499C75AD4AC3}.Release|Any CPU.ActiveCfg = Release|Any CPU
		{B20810C4-FAA5-4B2D-AF96-499C75AD4AC3}.Release|Any CPU.Build.0 = Release|Any CPU
		{3B77CB04-4268-468A-99B8-8C1AEFEC5EA1}.Debug|Any CPU.ActiveCfg = Debug|Any CPU
		{3B77CB04-4268-468A-99B8-8C1AEFEC5EA1}.Debug|Any CPU.Build.0 = Debug|Any CPU
		{3B77CB04-4268-468A-99B8-8C1AEFEC5EA1}.Release|Any CPU.ActiveCfg = Release|Any CPU
		{3B77CB04-4268-468A-99B8-8C1AEFEC5EA1}.Release|Any CPU.Build.0 = Release|Any CPU
		{796380AE-59E0-465F-BD0C-3A57A736B573}.Debug|Any CPU.ActiveCfg = Debug|Any CPU
		{796380AE-59E0-465F-BD0C-3A57A736B573}.Debug|Any CPU.Build.0 = Debug|Any CPU
		{796380AE-59E0-465F-BD0C-3A57A736B573}.Release|Any CPU.ActiveCfg = Release|Any CPU
		{796380AE-59E0-465F-BD0C-3A57A736B573}.Release|Any CPU.Build.0 = Release|Any CPU
		{E65A5F63-8C1F-4F13-A86E-09383A5F0873}.Debug|Any CPU.ActiveCfg = Debug|Any CPU
		{E65A5F63-8C1F-4F13-A86E-09383A5F0873}.Debug|Any CPU.Build.0 = Debug|Any CPU
		{E65A5F63-8C1F-4F13-A86E-09383A5F0873}.Release|Any CPU.ActiveCfg = Release|Any CPU
		{E65A5F63-8C1F-4F13-A86E-09383A5F0873}.Release|Any CPU.Build.0 = Release|Any CPU
	EndGlobalSection
	GlobalSection(SolutionProperties) = preSolution
		HideSolutionNode = FALSE
	EndGlobalSection
	GlobalSection(NestedProjects) = preSolution
		{0DD98BB9-D4E0-46BB-AC71-0F7B87652562} = {A4043E2A-FA83-49B2-B9D0-4D3A6B23D54C}
		{DB5A40D4-47A8-49A6-A809-2DA752B275F1} = {A4043E2A-FA83-49B2-B9D0-4D3A6B23D54C}
		{B20810C4-FAA5-4B2D-AF96-499C75AD4AC3} = {A4043E2A-FA83-49B2-B9D0-4D3A6B23D54C}
		{3B77CB04-4268-468A-99B8-8C1AEFEC5EA1} = {D887EEF4-4050-4FF3-8A18-473272D7D39A}
		{796380AE-59E0-465F-BD0C-3A57A736B573} = {D887EEF4-4050-4FF3-8A18-473272D7D39A}
		{E65A5F63-8C1F-4F13-A86E-09383A5F0873} = {D887EEF4-4050-4FF3-8A18-473272D7D39A}
	EndGlobalSection
	GlobalSection(ExtensibilityGlobals) = postSolution
		SolutionGuid = {D088D544-D8C3-4B61-A792-A69164FB965C}
	EndGlobalSection
EndGlobal
