
Microsoft Visual Studio Solution File, Format Version 12.00
# Visual Studio Version 17
VisualStudioVersion = 17.8.34330.188
MinimumVisualStudioVersion = 10.0.40219.1
Project("{2150E333-8FDC-42A3-9474-1A3956D46DE8}") = "1.GettingStarted", "1.GettingStarted", "{A4043E2A-FA83-49B2-B9D0-4D3A6B23D54C}"
EndProject
Project("{2150E333-8FDC-42A3-9474-1A3956D46DE8}") = "2.BeyondTheBasics", "2.BeyondTheBasics", "{D887EEF4-4050-4FF3-8A18-473272D7D39A}"
EndProject
Project("{FAE04EC0-301F-11D3-BF4B-00C04F79EFBC}") = "Movies.Api", "2.BeyondTheBasics\Movies.Api\Movies.Api.csproj", "{3B77CB04-4268-468A-99B8-8C1AEFEC5EA1}"
EndProject
Project("{FAE04EC0-301F-11D3-BF4B-00C04F79EFBC}") = "Movies.Application", "2.BeyondTheBasics\Movies.Application\Movies.Application.csproj", "{796380AE-59E0-465F-BD0C-3A57A736B573}"
EndProject
Project("{FAE04EC0-301F-11D3-BF4B-00C04F79EFBC}") = "Movies.Contract", "2.BeyondTheBasics\Movies.Contract\Movies.Contract.csproj", "{E65A5F63-8C1F-4F13-A86E-09383A5F0873}"
EndProject
Project("{2150E333-8FDC-42A3-9474-1A3956D46DE8}") = "3.Auth", "3.Auth", "{9D1099D0-932D-496C-99A0-899E7898D139}"
EndProject
Project("{FAE04EC0-301F-11D3-BF4B-00C04F79EFBC}") = "Movies.Api", "3.Auth\Movies.Api\Movies.Api.csproj", "{81787952-3155-4F0D-8E73-EF7EA92996FB}"
EndProject
Project("{FAE04EC0-301F-11D3-BF4B-00C04F79EFBC}") = "Movies.Application", "3.Auth\Movies.Application\Movies.Application.csproj", "{1A87AED5-9344-4710-9CEA-1DC298AC5EEC}"
EndProject
Project("{FAE04EC0-301F-11D3-BF4B-00C04F79EFBC}") = "Movies.Contract", "3.Auth\Movies.Contract\Movies.Contract.csproj", "{5327A790-86D4-40E8-AECB-7EAE62E69756}"
EndProject
Project("{2150E333-8FDC-42A3-9474-1A3956D46DE8}") = "Helpers", "Helpers", "{F5BCCDE1-35D2-467D-80DF-0C5B03B9274C}"
EndProject
Project("{FAE04EC0-301F-11D3-BF4B-00C04F79EFBC}") = "Identity.Api", "Helpers\Identity.Api\Identity.Api.csproj", "{3399C583-A567-44D4-8205-976DDB5FC161}"
EndProject
Project("{FAE04EC0-301F-11D3-BF4B-00C04F79EFBC}") = "Movies.Api", "1.GettingStarted\Movies.Api\Movies.Api.csproj", "{821784D8-12E8-4C03-B6A0-AA77AAA55BCD}"
EndProject
Project("{FAE04EC0-301F-11D3-BF4B-00C04F79EFBC}") = "Movies.Application", "1.GettingStarted\Movies.Application\Movies.Application.csproj", "{D46FD83C-0A41-446A-892A-2E5AB3D0D315}"
EndProject
Project("{FAE04EC0-301F-11D3-BF4B-00C04F79EFBC}") = "Movies.Contract", "1.GettingStarted\Movies.Contract\Movies.Contract.csproj", "{81555920-10E3-4B11-A88B-FFF741557BA0}"
EndProject
Project("{2150E333-8FDC-42A3-9474-1A3956D46DE8}") = "4.Raiting", "4.Raiting", "{452FCD35-847C-4CEB-9EE7-6F685D8EDAE9}"
EndProject
Project("{FAE04EC0-301F-11D3-BF4B-00C04F79EFBC}") = "Movies.Api", "4.Raiting\Movies.Api\Movies.Api.csproj", "{5DB8D4DF-C65B-4A5A-B3C3-77FE05CE8A44}"
EndProject
Project("{FAE04EC0-301F-11D3-BF4B-00C04F79EFBC}") = "Movies.Application", "4.Raiting\Movies.Application\Movies.Application.csproj", "{41318905-7167-4455-8FA8-E7C2CB28C752}"
EndProject
Project("{FAE04EC0-301F-11D3-BF4B-00C04F79EFBC}") = "Movies.Contract", "4.Raiting\Movies.Contract\Movies.Contract.csproj", "{3CFF964C-9616-4725-905B-1EACC83A1BF4}"
EndProject
Global
	GlobalSection(SolutionConfigurationPlatforms) = preSolution
		Debug|Any CPU = Debug|Any CPU
		Release|Any CPU = Release|Any CPU
	EndGlobalSection
	GlobalSection(ProjectConfigurationPlatforms) = postSolution
		{3B77CB04-4268-468A-99B8-8C1AEFEC5EA1}.Debug|Any CPU.ActiveCfg = Debug|Any CPU
		{3B77CB04-4268-468A-99B8-8C1AEFEC5EA1}.Debug|Any CPU.Build.0 = Debug|Any CPU
		{3B77CB04-4268-468A-99B8-8C1AEFEC5EA1}.Release|Any CPU.ActiveCfg = Release|Any CPU
		{3B77CB04-4268-468A-99B8-8C1AEFEC5EA1}.Release|Any CPU.Build.0 = Release|Any CPU
		{796380AE-59E0-465F-BD0C-3A57A736B573}.Debug|Any CPU.ActiveCfg = Debug|Any CPU
		{796380AE-59E0-465F-BD0C-3A57A736B573}.Debug|Any CPU.Build.0 = Debug|Any CPU
		{796380AE-59E0-465F-BD0C-3A57A736B573}.Release|Any CPU.ActiveCfg = Release|Any CPU
		{796380AE-59E0-465F-BD0C-3A57A736B573}.Release|Any CPU.Build.0 = Release|Any CPU
		{E65A5F63-8C1F-4F13-A86E-09383A5F0873}.Debug|Any CPU.ActiveCfg = Debug|Any CPU
		{E65A5F63-8C1F-4F13-A86E-09383A5F0873}.Debug|Any CPU.Build.0 = Debug|Any CPU
		{E65A5F63-8C1F-4F13-A86E-09383A5F0873}.Release|Any CPU.ActiveCfg = Release|Any CPU
		{E65A5F63-8C1F-4F13-A86E-09383A5F0873}.Release|Any CPU.Build.0 = Release|Any CPU
		{81787952-3155-4F0D-8E73-EF7EA92996FB}.Debug|Any CPU.ActiveCfg = Debug|Any CPU
		{81787952-3155-4F0D-8E73-EF7EA92996FB}.Debug|Any CPU.Build.0 = Debug|Any CPU
		{81787952-3155-4F0D-8E73-EF7EA92996FB}.Release|Any CPU.ActiveCfg = Release|Any CPU
		{81787952-3155-4F0D-8E73-EF7EA92996FB}.Release|Any CPU.Build.0 = Release|Any CPU
		{1A87AED5-9344-4710-9CEA-1DC298AC5EEC}.Debug|Any CPU.ActiveCfg = Debug|Any CPU
		{1A87AED5-9344-4710-9CEA-1DC298AC5EEC}.Debug|Any CPU.Build.0 = Debug|Any CPU
		{1A87AED5-9344-4710-9CEA-1DC298AC5EEC}.Release|Any CPU.ActiveCfg = Release|Any CPU
		{1A87AED5-9344-4710-9CEA-1DC298AC5EEC}.Release|Any CPU.Build.0 = Release|Any CPU
		{5327A790-86D4-40E8-AECB-7EAE62E69756}.Debug|Any CPU.ActiveCfg = Debug|Any CPU
		{5327A790-86D4-40E8-AECB-7EAE62E69756}.Debug|Any CPU.Build.0 = Debug|Any CPU
		{5327A790-86D4-40E8-AECB-7EAE62E69756}.Release|Any CPU.ActiveCfg = Release|Any CPU
		{5327A790-86D4-40E8-AECB-7EAE62E69756}.Release|Any CPU.Build.0 = Release|Any CPU
		{3399C583-A567-44D4-8205-976DDB5FC161}.Debug|Any CPU.ActiveCfg = Debug|Any CPU
		{3399C583-A567-44D4-8205-976DDB5FC161}.Debug|Any CPU.Build.0 = Debug|Any CPU
		{3399C583-A567-44D4-8205-976DDB5FC161}.Release|Any CPU.ActiveCfg = Release|Any CPU
		{3399C583-A567-44D4-8205-976DDB5FC161}.Release|Any CPU.Build.0 = Release|Any CPU
		{821784D8-12E8-4C03-B6A0-AA77AAA55BCD}.Debug|Any CPU.ActiveCfg = Debug|Any CPU
		{821784D8-12E8-4C03-B6A0-AA77AAA55BCD}.Debug|Any CPU.Build.0 = Debug|Any CPU
		{821784D8-12E8-4C03-B6A0-AA77AAA55BCD}.Release|Any CPU.ActiveCfg = Release|Any CPU
		{821784D8-12E8-4C03-B6A0-AA77AAA55BCD}.Release|Any CPU.Build.0 = Release|Any CPU
		{D46FD83C-0A41-446A-892A-2E5AB3D0D315}.Debug|Any CPU.ActiveCfg = Debug|Any CPU
		{D46FD83C-0A41-446A-892A-2E5AB3D0D315}.Debug|Any CPU.Build.0 = Debug|Any CPU
		{D46FD83C-0A41-446A-892A-2E5AB3D0D315}.Release|Any CPU.ActiveCfg = Release|Any CPU
		{D46FD83C-0A41-446A-892A-2E5AB3D0D315}.Release|Any CPU.Build.0 = Release|Any CPU
		{81555920-10E3-4B11-A88B-FFF741557BA0}.Debug|Any CPU.ActiveCfg = Debug|Any CPU
		{81555920-10E3-4B11-A88B-FFF741557BA0}.Debug|Any CPU.Build.0 = Debug|Any CPU
		{81555920-10E3-4B11-A88B-FFF741557BA0}.Release|Any CPU.ActiveCfg = Release|Any CPU
		{81555920-10E3-4B11-A88B-FFF741557BA0}.Release|Any CPU.Build.0 = Release|Any CPU
		{5DB8D4DF-C65B-4A5A-B3C3-77FE05CE8A44}.Debug|Any CPU.ActiveCfg = Debug|Any CPU
		{5DB8D4DF-C65B-4A5A-B3C3-77FE05CE8A44}.Debug|Any CPU.Build.0 = Debug|Any CPU
		{5DB8D4DF-C65B-4A5A-B3C3-77FE05CE8A44}.Release|Any CPU.ActiveCfg = Release|Any CPU
		{5DB8D4DF-C65B-4A5A-B3C3-77FE05CE8A44}.Release|Any CPU.Build.0 = Release|Any CPU
		{41318905-7167-4455-8FA8-E7C2CB28C752}.Debug|Any CPU.ActiveCfg = Debug|Any CPU
		{41318905-7167-4455-8FA8-E7C2CB28C752}.Debug|Any CPU.Build.0 = Debug|Any CPU
		{41318905-7167-4455-8FA8-E7C2CB28C752}.Release|Any CPU.ActiveCfg = Release|Any CPU
		{41318905-7167-4455-8FA8-E7C2CB28C752}.Release|Any CPU.Build.0 = Release|Any CPU
		{3CFF964C-9616-4725-905B-1EACC83A1BF4}.Debug|Any CPU.ActiveCfg = Debug|Any CPU
		{3CFF964C-9616-4725-905B-1EACC83A1BF4}.Debug|Any CPU.Build.0 = Debug|Any CPU
		{3CFF964C-9616-4725-905B-1EACC83A1BF4}.Release|Any CPU.ActiveCfg = Release|Any CPU
		{3CFF964C-9616-4725-905B-1EACC83A1BF4}.Release|Any CPU.Build.0 = Release|Any CPU
	EndGlobalSection
	GlobalSection(SolutionProperties) = preSolution
		HideSolutionNode = FALSE
	EndGlobalSection
	GlobalSection(NestedProjects) = preSolution
		{3B77CB04-4268-468A-99B8-8C1AEFEC5EA1} = {D887EEF4-4050-4FF3-8A18-473272D7D39A}
		{796380AE-59E0-465F-BD0C-3A57A736B573} = {D887EEF4-4050-4FF3-8A18-473272D7D39A}
		{E65A5F63-8C1F-4F13-A86E-09383A5F0873} = {D887EEF4-4050-4FF3-8A18-473272D7D39A}
		{81787952-3155-4F0D-8E73-EF7EA92996FB} = {9D1099D0-932D-496C-99A0-899E7898D139}
		{1A87AED5-9344-4710-9CEA-1DC298AC5EEC} = {9D1099D0-932D-496C-99A0-899E7898D139}
		{5327A790-86D4-40E8-AECB-7EAE62E69756} = {9D1099D0-932D-496C-99A0-899E7898D139}
		{3399C583-A567-44D4-8205-976DDB5FC161} = {F5BCCDE1-35D2-467D-80DF-0C5B03B9274C}
		{821784D8-12E8-4C03-B6A0-AA77AAA55BCD} = {A4043E2A-FA83-49B2-B9D0-4D3A6B23D54C}
		{D46FD83C-0A41-446A-892A-2E5AB3D0D315} = {A4043E2A-FA83-49B2-B9D0-4D3A6B23D54C}
		{81555920-10E3-4B11-A88B-FFF741557BA0} = {A4043E2A-FA83-49B2-B9D0-4D3A6B23D54C}
		{5DB8D4DF-C65B-4A5A-B3C3-77FE05CE8A44} = {452FCD35-847C-4CEB-9EE7-6F685D8EDAE9}
		{41318905-7167-4455-8FA8-E7C2CB28C752} = {452FCD35-847C-4CEB-9EE7-6F685D8EDAE9}
		{3CFF964C-9616-4725-905B-1EACC83A1BF4} = {452FCD35-847C-4CEB-9EE7-6F685D8EDAE9}
	EndGlobalSection
	GlobalSection(ExtensibilityGlobals) = postSolution
		SolutionGuid = {D088D544-D8C3-4B61-A792-A69164FB965C}
	EndGlobalSection
EndGlobal
